// !$*UTF8*$!
{
	archiveVersion = 1;
	classes = {
	};
	objectVersion = 55;
	objects = {

/* Begin PBXBuildFile section */
		0EFF4E49276A853600051055 /* mac1App.swift in Sources */ = {isa = PBXBuildFile; fileRef = 0EFF4E48276A853600051055 /* mac1App.swift */; };
		0EFF4E4B276A853600051055 /* ContentView.swift in Sources */ = {isa = PBXBuildFile; fileRef = 0EFF4E4A276A853600051055 /* ContentView.swift */; };
		0EFF4E4D276A853700051055 /* Assets.xcassets in Resources */ = {isa = PBXBuildFile; fileRef = 0EFF4E4C276A853700051055 /* Assets.xcassets */; };
		0EFF4E50276A853700051055 /* Preview Assets.xcassets in Resources */ = {isa = PBXBuildFile; fileRef = 0EFF4E4F276A853700051055 /* Preview Assets.xcassets */; };
		0EFF4E5B276A853700051055 /* mac1Tests.swift in Sources */ = {isa = PBXBuildFile; fileRef = 0EFF4E5A276A853700051055 /* mac1Tests.swift */; };
		0EFF4E65276A853700051055 /* mac1UITests.swift in Sources */ = {isa = PBXBuildFile; fileRef = 0EFF4E64276A853700051055 /* mac1UITests.swift */; };
		0EFF4E67276A853700051055 /* mac1UITestsLaunchTests.swift in Sources */ = {isa = PBXBuildFile; fileRef = 0EFF4E66276A853700051055 /* mac1UITestsLaunchTests.swift */; };
/* End PBXBuildFile section */

/* Begin PBXContainerItemProxy section */
		0EFF4E57276A853700051055 /* PBXContainerItemProxy */ = {
			isa = PBXContainerItemProxy;
			containerPortal = 0EFF4E3D276A853600051055 /* Project object */;
			proxyType = 1;
			remoteGlobalIDString = 0EFF4E44276A853600051055;
			remoteInfo = mac1;
		};
		0EFF4E61276A853700051055 /* PBXContainerItemProxy */ = {
			isa = PBXContainerItemProxy;
			containerPortal = 0EFF4E3D276A853600051055 /* Project object */;
			proxyType = 1;
			remoteGlobalIDString = 0EFF4E44276A853600051055;
			remoteInfo = mac1;
		};
/* End PBXContainerItemProxy section */

/* Begin PBXFileReference section */
		0EFF4E45276A853600051055 /* mac1.app */ = {isa = PBXFileReference; explicitFileType = wrapper.application; includeInIndex = 0; path = mac1.app; sourceTree = BUILT_PRODUCTS_DIR; };
		0EFF4E48276A853600051055 /* mac1App.swift */ = {isa = PBXFileReference; lastKnownFileType = sourcecode.swift; path = mac1App.swift; sourceTree = "<group>"; };
		0EFF4E4A276A853600051055 /* ContentView.swift */ = {isa = PBXFileReference; lastKnownFileType = sourcecode.swift; path = ContentView.swift; sourceTree = "<group>"; };
		0EFF4E4C276A853700051055 /* Assets.xcassets */ = {isa = PBXFileReference; lastKnownFileType = folder.assetcatalog; path = Assets.xcassets; sourceTree = "<group>"; };
		0EFF4E4F276A853700051055 /* Preview Assets.xcassets */ = {isa = PBXFileReference; lastKnownFileType = folder.assetcatalog; path = "Preview Assets.xcassets"; sourceTree = "<group>"; };
		0EFF4E51276A853700051055 /* mac1.entitlements */ = {isa = PBXFileReference; lastKnownFileType = text.plist.entitlements; path = mac1.entitlements; sourceTree = "<group>"; };
		0EFF4E56276A853700051055 /* mac1Tests.xctest */ = {isa = PBXFileReference; explicitFileType = wrapper.cfbundle; includeInIndex = 0; path = mac1Tests.xctest; sourceTree = BUILT_PRODUCTS_DIR; };
		0EFF4E5A276A853700051055 /* mac1Tests.swift */ = {isa = PBXFileReference; lastKnownFileType = sourcecode.swift; path = mac1Tests.swift; sourceTree = "<group>"; };
		0EFF4E60276A853700051055 /* mac1UITests.xctest */ = {isa = PBXFileReference; explicitFileType = wrapper.cfbundle; includeInIndex = 0; path = mac1UITests.xctest; sourceTree = BUILT_PRODUCTS_DIR; };
		0EFF4E64276A853700051055 /* mac1UITests.swift */ = {isa = PBXFileReference; lastKnownFileType = sourcecode.swift; path = mac1UITests.swift; sourceTree = "<group>"; };
		0EFF4E66276A853700051055 /* mac1UITestsLaunchTests.swift */ = {isa = PBXFileReference; lastKnownFileType = sourcecode.swift; path = mac1UITestsLaunchTests.swift; sourceTree = "<group>"; };
/* End PBXFileReference section */

/* Begin PBXFrameworksBuildPhase section */
		0EFF4E42276A853600051055 /* Frameworks */ = {
			isa = PBXFrameworksBuildPhase;
			buildActionMask = 2147483647;
			files = (
			);
			runOnlyForDeploymentPostprocessing = 0;
		};
		0EFF4E53276A853700051055 /* Frameworks */ = {
			isa = PBXFrameworksBuildPhase;
			buildActionMask = 2147483647;
			files = (
			);
			runOnlyForDeploymentPostprocessing = 0;
		};
		0EFF4E5D276A853700051055 /* Frameworks */ = {
			isa = PBXFrameworksBuildPhase;
			buildActionMask = 2147483647;
			files = (
			);
			runOnlyForDeploymentPostprocessing = 0;
		};
/* End PBXFrameworksBuildPhase section */

/* Begin PBXGroup section */
		0EFF4E3C276A853600051055 = {
			isa = PBXGroup;
			children = (
				0EFF4E47276A853600051055 /* mac1 */,
				0EFF4E59276A853700051055 /* mac1Tests */,
				0EFF4E63276A853700051055 /* mac1UITests */,
				0EFF4E46276A853600051055 /* Products */,
			);
			sourceTree = "<group>";
		};
		0EFF4E46276A853600051055 /* Products */ = {
			isa = PBXGroup;
			children = (
				0EFF4E45276A853600051055 /* mac1.app */,
				0EFF4E56276A853700051055 /* mac1Tests.xctest */,
				0EFF4E60276A853700051055 /* mac1UITests.xctest */,
			);
			name = Products;
			sourceTree = "<group>";
		};
		0EFF4E47276A853600051055 /* mac1 */ = {
			isa = PBXGroup;
			children = (
				0EFF4E48276A853600051055 /* mac1App.swift */,
				0EFF4E4A276A853600051055 /* ContentView.swift */,
				0EFF4E4C276A853700051055 /* Assets.xcassets */,
				0EFF4E51276A853700051055 /* mac1.entitlements */,
				0EFF4E4E276A853700051055 /* Preview Content */,
			);
			path = mac1;
			sourceTree = "<group>";
		};
		0EFF4E4E276A853700051055 /* Preview Content */ = {
			isa = PBXGroup;
			children = (
				0EFF4E4F276A853700051055 /* Preview Assets.xcassets */,
			);
			path = "Preview Content";
			sourceTree = "<group>";
		};
		0EFF4E59276A853700051055 /* mac1Tests */ = {
			isa = PBXGroup;
			children = (
				0EFF4E5A276A853700051055 /* mac1Tests.swift */,
			);
			path = mac1Tests;
			sourceTree = "<group>";
		};
		0EFF4E63276A853700051055 /* mac1UITests */ = {
			isa = PBXGroup;
			children = (
				0EFF4E64276A853700051055 /* mac1UITests.swift */,
				0EFF4E66276A853700051055 /* mac1UITestsLaunchTests.swift */,
			);
			path = mac1UITests;
			sourceTree = "<group>";
		};
/* End PBXGroup section */

/* Begin PBXNativeTarget section */
		0EFF4E44276A853600051055 /* mac1 */ = {
			isa = PBXNativeTarget;
			buildConfigurationList = 0EFF4E6A276A853700051055 /* Build configuration list for PBXNativeTarget "mac1" */;
			buildPhases = (
				0EFF4E41276A853600051055 /* Sources */,
				0EFF4E42276A853600051055 /* Frameworks */,
				0EFF4E43276A853600051055 /* Resources */,
			);
			buildRules = (
			);
			dependencies = (
			);
			name = mac1;
			productName = mac1;
			productReference = 0EFF4E45276A853600051055 /* mac1.app */;
			productType = "com.apple.product-type.application";
		};
		0EFF4E55276A853700051055 /* mac1Tests */ = {
			isa = PBXNativeTarget;
			buildConfigurationList = 0EFF4E6D276A853700051055 /* Build configuration list for PBXNativeTarget "mac1Tests" */;
			buildPhases = (
				0EFF4E52276A853700051055 /* Sources */,
				0EFF4E53276A853700051055 /* Frameworks */,
				0EFF4E54276A853700051055 /* Resources */,
			);
			buildRules = (
			);
			dependencies = (
				0EFF4E58276A853700051055 /* PBXTargetDependency */,
			);
			name = mac1Tests;
			productName = mac1Tests;
			productReference = 0EFF4E56276A853700051055 /* mac1Tests.xctest */;
			productType = "com.apple.product-type.bundle.unit-test";
		};
		0EFF4E5F276A853700051055 /* mac1UITests */ = {
			isa = PBXNativeTarget;
			buildConfigurationList = 0EFF4E70276A853700051055 /* Build configuration list for PBXNativeTarget "mac1UITests" */;
			buildPhases = (
				0EFF4E5C276A853700051055 /* Sources */,
				0EFF4E5D276A853700051055 /* Frameworks */,
				0EFF4E5E276A853700051055 /* Resources */,
			);
			buildRules = (
			);
			dependencies = (
				0EFF4E62276A853700051055 /* PBXTargetDependency */,
			);
			name = mac1UITests;
			productName = mac1UITests;
			productReference = 0EFF4E60276A853700051055 /* mac1UITests.xctest */;
			productType = "com.apple.product-type.bundle.ui-testing";
		};
/* End PBXNativeTarget section */

/* Begin PBXProject section */
		0EFF4E3D276A853600051055 /* Project object */ = {
			isa = PBXProject;
			attributes = {
				BuildIndependentTargetsInParallel = 1;
				LastSwiftUpdateCheck = 1310;
				LastUpgradeCheck = 1310;
				TargetAttributes = {
					0EFF4E44276A853600051055 = {
						CreatedOnToolsVersion = 13.1;
					};
					0EFF4E55276A853700051055 = {
						CreatedOnToolsVersion = 13.1;
						TestTargetID = 0EFF4E44276A853600051055;
					};
					0EFF4E5F276A853700051055 = {
						CreatedOnToolsVersion = 13.1;
						TestTargetID = 0EFF4E44276A853600051055;
					};
				};
			};
			buildConfigurationList = 0EFF4E40276A853600051055 /* Build configuration list for PBXProject "mac1" */;
			compatibilityVersion = "Xcode 13.0";
			developmentRegion = en;
			hasScannedForEncodings = 0;
			knownRegions = (
				en,
				Base,
			);
			mainGroup = 0EFF4E3C276A853600051055;
			productRefGroup = 0EFF4E46276A853600051055 /* Products */;
			projectDirPath = "";
			projectRoot = "";
			targets = (
				0EFF4E44276A853600051055 /* mac1 */,
				0EFF4E55276A853700051055 /* mac1Tests */,
				0EFF4E5F276A853700051055 /* mac1UITests */,
			);
		};
/* End PBXProject section */

/* Begin PBXResourcesBuildPhase section */
		0EFF4E43276A853600051055 /* Resources */ = {
			isa = PBXResourcesBuildPhase;
			buildActionMask = 2147483647;
			files = (
				0EFF4E50276A853700051055 /* Preview Assets.xcassets in Resources */,
				0EFF4E4D276A853700051055 /* Assets.xcassets in Resources */,
			);
			runOnlyForDeploymentPostprocessing = 0;
		};
		0EFF4E54276A853700051055 /* Resources */ = {
			isa = PBXResourcesBuildPhase;
			buildActionMask = 2147483647;
			files = (
			);
			runOnlyForDeploymentPostprocessing = 0;
		};
		0EFF4E5E276A853700051055 /* Resources */ = {
			isa = PBXResourcesBuildPhase;
			buildActionMask = 2147483647;
			files = (
			);
			runOnlyForDeploymentPostprocessing = 0;
		};
/* End PBXResourcesBuildPhase section */

/* Begin PBXSourcesBuildPhase section */
		0EFF4E41276A853600051055 /* Sources */ = {
			isa = PBXSourcesBuildPhase;
			buildActionMask = 2147483647;
			files = (
				0EFF4E4B276A853600051055 /* ContentView.swift in Sources */,
				0EFF4E49276A853600051055 /* mac1App.swift in Sources */,
			);
			runOnlyForDeploymentPostprocessing = 0;
		};
		0EFF4E52276A853700051055 /* Sources */ = {
			isa = PBXSourcesBuildPhase;
			buildActionMask = 2147483647;
			files = (
				0EFF4E5B276A853700051055 /* mac1Tests.swift in Sources */,
			);
			runOnlyForDeploymentPostprocessing = 0;
		};
		0EFF4E5C276A853700051055 /* Sources */ = {
			isa = PBXSourcesBuildPhase;
			buildActionMask = 2147483647;
			files = (
				0EFF4E67276A853700051055 /* mac1UITestsLaunchTests.swift in Sources */,
				0EFF4E65276A853700051055 /* mac1UITests.swift in Sources */,
			);
			runOnlyForDeploymentPostprocessing = 0;
		};
/* End PBXSourcesBuildPhase section */

/* Begin PBXTargetDependency section */
		0EFF4E58276A853700051055 /* PBXTargetDependency */ = {
			isa = PBXTargetDependency;
			target = 0EFF4E44276A853600051055 /* mac1 */;
			targetProxy = 0EFF4E57276A853700051055 /* PBXContainerItemProxy */;
		};
		0EFF4E62276A853700051055 /* PBXTargetDependency */ = {
			isa = PBXTargetDependency;
			target = 0EFF4E44276A853600051055 /* mac1 */;
			targetProxy = 0EFF4E61276A853700051055 /* PBXContainerItemProxy */;
		};
/* End PBXTargetDependency section */

/* Begin XCBuildConfiguration section */
		0EFF4E68276A853700051055 /* Debug */ = {
			isa = XCBuildConfiguration;
			buildSettings = {
				ALWAYS_SEARCH_USER_PATHS = NO;
				CLANG_ANALYZER_NONNULL = YES;
				CLANG_ANALYZER_NUMBER_OBJECT_CONVERSION = YES_AGGRESSIVE;
				CLANG_CXX_LANGUAGE_STANDARD = "gnu++17";
				CLANG_CXX_LIBRARY = "libc++";
				CLANG_ENABLE_MODULES = YES;
				CLANG_ENABLE_OBJC_ARC = YES;
				CLANG_ENABLE_OBJC_WEAK = YES;
				CLANG_WARN_BLOCK_CAPTURE_AUTORELEASING = YES;
				CLANG_WARN_BOOL_CONVERSION = YES;
				CLANG_WARN_COMMA = YES;
				CLANG_WARN_CONSTANT_CONVERSION = YES;
				CLANG_WARN_DEPRECATED_OBJC_IMPLEMENTATIONS = YES;
				CLANG_WARN_DIRECT_OBJC_ISA_USAGE = YES_ERROR;
				CLANG_WARN_DOCUMENTATION_COMMENTS = YES;
				CLANG_WARN_EMPTY_BODY = YES;
				CLANG_WARN_ENUM_CONVERSION = YES;
				CLANG_WARN_INFINITE_RECURSION = YES;
				CLANG_WARN_INT_CONVERSION = YES;
				CLANG_WARN_NON_LITERAL_NULL_CONVERSION = YES;
				CLANG_WARN_OBJC_IMPLICIT_RETAIN_SELF = YES;
				CLANG_WARN_OBJC_LITERAL_CONVERSION = YES;
				CLANG_WARN_OBJC_ROOT_CLASS = YES_ERROR;
				CLANG_WARN_QUOTED_INCLUDE_IN_FRAMEWORK_HEADER = YES;
				CLANG_WARN_RANGE_LOOP_ANALYSIS = YES;
				CLANG_WARN_STRICT_PROTOTYPES = YES;
				CLANG_WARN_SUSPICIOUS_MOVE = YES;
				CLANG_WARN_UNGUARDED_AVAILABILITY = YES_AGGRESSIVE;
				CLANG_WARN_UNREACHABLE_CODE = YES;
				CLANG_WARN__DUPLICATE_METHOD_MATCH = YES;
				COPY_PHASE_STRIP = NO;
				DEBUG_INFORMATION_FORMAT = dwarf;
				ENABLE_STRICT_OBJC_MSGSEND = YES;
				ENABLE_TESTABILITY = YES;
				GCC_C_LANGUAGE_STANDARD = gnu11;
				GCC_DYNAMIC_NO_PIC = NO;
				GCC_NO_COMMON_BLOCKS = YES;
				GCC_OPTIMIZATION_LEVEL = 0;
				GCC_PREPROCESSOR_DEFINITIONS = (
					"DEBUG=1",
					"$(inherited)",
				);
				GCC_WARN_64_TO_32_BIT_CONVERSION = YES;
				GCC_WARN_ABOUT_RETURN_TYPE = YES_ERROR;
				GCC_WARN_UNDECLARED_SELECTOR = YES;
				GCC_WARN_UNINITIALIZED_AUTOS = YES_AGGRESSIVE;
				GCC_WARN_UNUSED_FUNCTION = YES;
				GCC_WARN_UNUSED_VARIABLE = YES;
				MACOSX_DEPLOYMENT_TARGET = 12.0;
				MTL_ENABLE_DEBUG_INFO = INCLUDE_SOURCE;
				MTL_FAST_MATH = YES;
				ONLY_ACTIVE_ARCH = YES;
				SDKROOT = macosx;
				SWIFT_ACTIVE_COMPILATION_CONDITIONS = DEBUG;
				SWIFT_OPTIMIZATION_LEVEL = "-Onone";
			};
			name = Debug;
		};
		0EFF4E69276A853700051055 /* Release */ = {
			isa = XCBuildConfiguration;
			buildSettings = {
				ALWAYS_SEARCH_USER_PATHS = NO;
				CLANG_ANALYZER_NONNULL = YES;
				CLANG_ANALYZER_NUMBER_OBJECT_CONVERSION = YES_AGGRESSIVE;
				CLANG_CXX_LANGUAGE_STANDARD = "gnu++17";
				CLANG_CXX_LIBRARY = "libc++";
				CLANG_ENABLE_MODULES = YES;
				CLANG_ENABLE_OBJC_ARC = YES;
				CLANG_ENABLE_OBJC_WEAK = YES;
				CLANG_WARN_BLOCK_CAPTURE_AUTORELEASING = YES;
				CLANG_WARN_BOOL_CONVERSION = YES;
				CLANG_WARN_COMMA = YES;
				CLANG_WARN_CONSTANT_CONVERSION = YES;
				CLANG_WARN_DEPRECATED_OBJC_IMPLEMENTATIONS = YES;
				CLANG_WARN_DIRECT_OBJC_ISA_USAGE = YES_ERROR;
				CLANG_WARN_DOCUMENTATION_COMMENTS = YES;
				CLANG_WARN_EMPTY_BODY = YES;
				CLANG_WARN_ENUM_CONVERSION = YES;
				CLANG_WARN_INFINITE_RECURSION = YES;
				CLANG_WARN_INT_CONVERSION = YES;
				CLANG_WARN_NON_LITERAL_NULL_CONVERSION = YES;
				CLANG_WARN_OBJC_IMPLICIT_RETAIN_SELF = YES;
				CLANG_WARN_OBJC_LITERAL_CONVERSION = YES;
				CLANG_WARN_OBJC_ROOT_CLASS = YES_ERROR;
				CLANG_WARN_QUOTED_INCLUDE_IN_FRAMEWORK_HEADER = YES;
				CLANG_WARN_RANGE_LOOP_ANALYSIS = YES;
				CLANG_WARN_STRICT_PROTOTYPES = YES;
				CLANG_WARN_SUSPICIOUS_MOVE = YES;
				CLANG_WARN_UNGUARDED_AVAILABILITY = YES_AGGRESSIVE;
				CLANG_WARN_UNREACHABLE_CODE = YES;
				CLANG_WARN__DUPLICATE_METHOD_MATCH = YES;
				COPY_PHASE_STRIP = NO;
				DEBUG_INFORMATION_FORMAT = "dwarf-with-dsym";
				ENABLE_NS_ASSERTIONS = NO;
				ENABLE_STRICT_OBJC_MSGSEND = YES;
				GCC_C_LANGUAGE_STANDARD = gnu11;
				GCC_NO_COMMON_BLOCKS = YES;
				GCC_WARN_64_TO_32_BIT_CONVERSION = YES;
				GCC_WARN_ABOUT_RETURN_TYPE = YES_ERROR;
				GCC_WARN_UNDECLARED_SELECTOR = YES;
				GCC_WARN_UNINITIALIZED_AUTOS = YES_AGGRESSIVE;
				GCC_WARN_UNUSED_FUNCTION = YES;
				GCC_WARN_UNUSED_VARIABLE = YES;
				MACOSX_DEPLOYMENT_TARGET = 12.0;
				MTL_ENABLE_DEBUG_INFO = NO;
				MTL_FAST_MATH = YES;
				SDKROOT = macosx;
				SWIFT_COMPILATION_MODE = wholemodule;
				SWIFT_OPTIMIZATION_LEVEL = "-O";
			};
			name = Release;
		};
		0EFF4E6B276A853700051055 /* Debug */ = {
			isa = XCBuildConfiguration;
			buildSettings = {
				ASSETCATALOG_COMPILER_APPICON_NAME = AppIcon;
				ASSETCATALOG_COMPILER_GLOBAL_ACCENT_COLOR_NAME = AccentColor;
				CODE_SIGN_ENTITLEMENTS = mac1/mac1.entitlements;
				CODE_SIGN_STYLE = Automatic;
				COMBINE_HIDPI_IMAGES = YES;
				CURRENT_PROJECT_VERSION = 1;
				DEVELOPMENT_ASSET_PATHS = "\"mac1/Preview Content\"";
				ENABLE_PREVIEWS = YES;
				GENERATE_INFOPLIST_FILE = YES;
				INFOPLIST_KEY_NSHumanReadableCopyright = "";
				LD_RUNPATH_SEARCH_PATHS = (
					"$(inherited)",
					"@executable_path/../Frameworks",
				);
				MARKETING_VERSION = 1.0;
				PRODUCT_BUNDLE_IDENTIFIER = c.hello.mac1;
				PRODUCT_NAME = "$(TARGET_NAME)";
				SWIFT_EMIT_LOC_STRINGS = YES;
				SWIFT_VERSION = 5.0;
			};
			name = Debug;
		};
		0EFF4E6C276A853700051055 /* Release */ = {
			isa = XCBuildConfiguration;
			buildSettings = {
				ASSETCATALOG_COMPILER_APPICON_NAME = AppIcon;
				ASSETCATALOG_COMPILER_GLOBAL_ACCENT_COLOR_NAME = AccentColor;
				CODE_SIGN_ENTITLEMENTS = mac1/mac1.entitlements;
				CODE_SIGN_STYLE = Automatic;
				COMBINE_HIDPI_IMAGES = YES;
				CURRENT_PROJECT_VERSION = 1;
				DEVELOPMENT_ASSET_PATHS = "\"mac1/Preview Content\"";
				ENABLE_PREVIEWS = YES;
				GENERATE_INFOPLIST_FILE = YES;
				INFOPLIST_KEY_NSHumanReadableCopyright = "";
				LD_RUNPATH_SEARCH_PATHS = (
					"$(inherited)",
					"@executable_path/../Frameworks",
				);
				MARKETING_VERSION = 1.0;
				PRODUCT_BUNDLE_IDENTIFIER = c.hello.mac1;
				PRODUCT_NAME = "$(TARGET_NAME)";
				SWIFT_EMIT_LOC_STRINGS = YES;
				SWIFT_VERSION = 5.0;
			};
			name = Release;
		};
		0EFF4E6E276A853700051055 /* Debug */ = {
			isa = XCBuildConfiguration;
			buildSettings = {
				ALWAYS_EMBED_SWIFT_STANDARD_LIBRARIES = YES;
				BUNDLE_LOADER = "$(TEST_HOST)";
				CODE_SIGN_STYLE = Automatic;
				COMBINE_HIDPI_IMAGES = YES;
				CURRENT_PROJECT_VERSION = 1;
				GENERATE_INFOPLIST_FILE = YES;
				LD_RUNPATH_SEARCH_PATHS = (
					"$(inherited)",
					"@executable_path/../Frameworks",
					"@loader_path/../Frameworks",
				);
				MACOSX_DEPLOYMENT_TARGET = 12.0;
				MARKETING_VERSION = 1.0;
				PRODUCT_BUNDLE_IDENTIFIER = c.hello.mac1Tests;
				PRODUCT_NAME = "$(TARGET_NAME)";
				SWIFT_EMIT_LOC_STRINGS = NO;
				SWIFT_VERSION = 5.0;
				TEST_HOST = "$(BUILT_PRODUCTS_DIR)/mac1.app/Contents/MacOS/mac1";
			};
			name = Debug;
		};
		0EFF4E6F276A853700051055 /* Release */ = {
			isa = XCBuildConfiguration;
			buildSettings = {
				ALWAYS_EMBED_SWIFT_STANDARD_LIBRARIES = YES;
				BUNDLE_LOADER = "$(TEST_HOST)";
				CODE_SIGN_STYLE = Automatic;
				COMBINE_HIDPI_IMAGES = YES;
				CURRENT_PROJECT_VERSION = 1;
				GENERATE_INFOPLIST_FILE = YES;
				LD_RUNPATH_SEARCH_PATHS = (
					"$(inherited)",
					"@executable_path/../Frameworks",
					"@loader_path/../Frameworks",
				);
				MACOSX_DEPLOYMENT_TARGET = 12.0;
				MARKETING_VERSION = 1.0;
				PRODUCT_BUNDLE_IDENTIFIER = c.hello.mac1Tests;
				PRODUCT_NAME = "$(TARGET_NAME)";
				SWIFT_EMIT_LOC_STRINGS = NO;
				SWIFT_VERSION = 5.0;
				TEST_HOST = "$(BUILT_PRODUCTS_DIR)/mac1.app/Contents/MacOS/mac1";
			};
			name = Release;
		};
		0EFF4E71276A853700051055 /* Debug */ = {
			isa = XCBuildConfiguration;
			buildSettings = {
				ALWAYS_EMBED_SWIFT_STANDARD_LIBRARIES = YES;
				CODE_SIGN_STYLE = Automatic;
				COMBINE_HIDPI_IMAGES = YES;
				CURRENT_PROJECT_VERSION = 1;
				GENERATE_INFOPLIST_FILE = YES;
				LD_RUNPATH_SEARCH_PATHS = (
					"$(inherited)",
					"@executable_path/../Frameworks",
					"@loader_path/../Frameworks",
				);
				MARKETING_VERSION = 1.0;
				PRODUCT_BUNDLE_IDENTIFIER = c.hello.mac1UITests;
				PRODUCT_NAME = "$(TARGET_NAME)";
				SWIFT_EMIT_LOC_STRINGS = NO;
				SWIFT_VERSION = 5.0;
				TEST_TARGET_NAME = mac1;
			};
			name = Debug;
		};
		0EFF4E72276A853700051055 /* Release */ = {
			isa = XCBuildConfiguration;
			buildSettings = {
				ALWAYS_EMBED_SWIFT_STANDARD_LIBRARIES = YES;
				CODE_SIGN_STYLE = Automatic;
				COMBINE_HIDPI_IMAGES = YES;
				CURRENT_PROJECT_VERSION = 1;
				GENERATE_INFOPLIST_FILE = YES;
				LD_RUNPATH_SEARCH_PATHS = (
					"$(inherited)",
					"@executable_path/../Frameworks",
					"@loader_path/../Frameworks",
				);
				MARKETING_VERSION = 1.0;
				PRODUCT_BUNDLE_IDENTIFIER = c.hello.mac1UITests;
				PRODUCT_NAME = "$(TARGET_NAME)";
				SWIFT_EMIT_LOC_STRINGS = NO;
				SWIFT_VERSION = 5.0;
				TEST_TARGET_NAME = mac1;
			};
			name = Release;
		};
/* End XCBuildConfiguration section */

/* Begin XCConfigurationList section */
		0EFF4E40276A853600051055 /* Build configuration list for PBXProject "mac1" */ = {
			isa = XCConfigurationList;
			buildConfigurations = (
				0EFF4E68276A853700051055 /* Debug */,
				0EFF4E69276A853700051055 /* Release */,
			);
			defaultConfigurationIsVisible = 0;
			defaultConfigurationName = Release;
		};
		0EFF4E6A276A853700051055 /* Build configuration list for PBXNativeTarget "mac1" */ = {
			isa = XCConfigurationList;
			buildConfigurations = (
				0EFF4E6B276A853700051055 /* Debug */,
				0EFF4E6C276A853700051055 /* Release */,
			);
			defaultConfigurationIsVisible = 0;
			defaultConfigurationName = Release;
		};
		0EFF4E6D276A853700051055 /* Build configuration list for PBXNativeTarget "mac1Tests" */ = {
			isa = XCConfigurationList;
			buildConfigurations = (
				0EFF4E6E276A853700051055 /* Debug */,
				0EFF4E6F276A853700051055 /* Release */,
			);
			defaultConfigurationIsVisible = 0;
			defaultConfigurationName = Release;
		};
		0EFF4E70276A853700051055 /* Build configuration list for PBXNativeTarget "mac1UITests" */ = {
			isa = XCConfigurationList;
			buildConfigurations = (
				0EFF4E71276A853700051055 /* Debug */,
				0EFF4E72276A853700051055 /* Release */,
			);
			defaultConfigurationIsVisible = 0;
			defaultConfigurationName = Release;
		};
/* End XCConfigurationList section */
	};
	rootObject = 0EFF4E3D276A853600051055 /* Project object */;
}
